{
  "name": "express-server",
  "version": "0.0.0",
  "lockfileVersion": 1,
  "requires": true,
  "dependencies": {
    "accepts": {
      "version": "1.3.8",
      "resolved": "https://npm.yandex-team.ru/accepts/-/accepts-1.3.8.tgz?rbtorrent=9392f41e7a931c44517cb9c4bce29c0893bf0221",
      "integrity": "sha512-PYAthTa2m2VKxuvSD3DPC/Gy+U+sOA1LAuT8mkmRuvw+NACSaeXEQ+NHcVF7rONl6qcaxV3Uuemwawk+7+SJLw==",
      "requires": {
        "mime-types": "~2.1.34",
        "negotiator": "0.6.3"
      }
    },
    "acorn": {
      "version": "2.7.0",
      "resolved": "https://npm.yandex-team.ru/acorn/-/acorn-2.7.0.tgz?rbtorrent=1348d579062536b1eedd7f58a1424d58d55da9b1",
      "integrity": "sha1-q259nYhqrKiwhbwzEreaGYQz8Oc="
    },
    "acorn-globals": {
      "version": "1.0.9",
      "resolved": "https://npm.yandex-team.ru/acorn-globals/-/acorn-globals-1.0.9.tgz?rbtorrent=6bec8f0b4f867fa60d3f50997f90ec6b3cba348c",
      "integrity": "sha1-VbtemGkVB7dFedBRNBMhfDgMVM8=",
      "requires": {
        "acorn": "^2.1.0"
      }
    },
    "align-text": {
      "version": "0.1.4",
      "resolved": "https://npm.yandex-team.ru/align-text/-/align-text-0.1.4.tgz?rbtorrent=23d3cae0a42cbfe3bde19ba1ca034b4747fe2c6d",
      "integrity": "sha1-DNkKVhCT810KmSVsIrcGlDP60Rc=",
      "requires": {
        "kind-of": "^3.0.2",
        "longest": "^1.0.1",
        "repeat-string": "^1.5.2"
      }
    },
    "amdefine": {
      "version": "1.0.1",
      "resolved": "https://npm.yandex-team.ru/amdefine/-/amdefine-1.0.1.tgz?rbtorrent=649113e730d1da7b9ca573a672952b03ab5e23e1",
      "integrity": "sha1-SlKCrBZHKek2Gbz9OtFR+BfOkfU="
    },
    "array-flatten": {
      "version": "1.1.1",
      "resolved": "https://npm.yandex-team.ru/array-flatten/-/array-flatten-1.1.1.tgz?rbtorrent=eefceecfb896133878572a9e86dd3b5e5a8500f2",
      "integrity": "sha1-ml9pkFGx5wczKPKgCJaLZOopVdI="
    },
    "asap": {
      "version": "1.0.0",
      "resolved": "https://npm.yandex-team.ru/asap/-/asap-1.0.0.tgz?rbtorrent=97df1bd526396f75b3552a0ced9be4d388cf7598",
      "integrity": "sha1-sqRdpf36ILBJb8N2jMJ8EvqRan0="
    },
    "basic-auth": {
      "version": "2.0.1",
      "resolved": "https://npm.yandex-team.ru/basic-auth/-/basic-auth-2.0.1.tgz?rbtorrent=a8698597b871cd2e1dbd1685d986d176d22ddc94",
      "integrity": "sha512-NF+epuEdnUYVlGuhaxbbq+dvJttwLnGY+YixlXlME5KpQ5W3CnXA5cVTneY3SPbPDRkcjMbifrwmFYcClgOZeg==",
      "requires": {
        "safe-buffer": "5.1.2"
      }
    },
    "body-parser": {
      "version": "1.18.3",
      "resolved": "https://npm.yandex-team.ru/body-parser/-/body-parser-1.18.3.tgz?rbtorrent=0da2fca60ef2879182414cdf7436adc841ef131c",
      "integrity": "sha1-WykhmP/dVTs6DyDe0FkrlWlVyLQ=",
      "requires": {
        "bytes": "3.0.0",
        "content-type": "~1.0.4",
        "debug": "2.6.9",
        "depd": "~1.1.2",
        "http-errors": "~1.6.3",
        "iconv-lite": "0.4.23",
        "on-finished": "~2.3.0",
        "qs": "6.5.2",
        "raw-body": "2.3.3",
        "type-is": "~1.6.16"
      }
    },
    "bytes": {
      "version": "3.0.0",
      "resolved": "https://npm.yandex-team.ru/bytes/-/bytes-3.0.0.tgz?rbtorrent=600f8fdd9e43afc92479d14ee3ca376283cf2a43",
      "integrity": "sha1-0ygVQE1olpn4Wk6k+odV3ROpYEg="
    },
    "camelcase": {
      "version": "1.2.1",
      "resolved": "https://npm.yandex-team.ru/camelcase/-/camelcase-1.2.1.tgz?rbtorrent=9487946968d570eba088547ee427ec585050919b",
      "integrity": "sha1-m7UwTS4LVmmLLHWLCKPqqdqlijk="
    },
    "center-align": {
      "version": "0.1.3",
      "resolved": "https://npm.yandex-team.ru/center-align/-/center-align-0.1.3.tgz?rbtorrent=512109461aeb7fd9679fc25c8ae8f2bdb5e2c2b3",
      "integrity": "sha1-qg0yYptu6XIgBBHL1EYckHvCt60=",
      "requires": {
        "align-text": "^0.1.3",
        "lazy-cache": "^1.0.3"
      }
    },
    "character-parser": {
      "version": "1.2.1",
      "resolved": "https://npm.yandex-team.ru/character-parser/-/character-parser-1.2.1.tgz?rbtorrent=e436fefcf07bf49df2092acfd70e06f48f7ecec1",
      "integrity": "sha1-wN3kqxgnE7kZuXCVmhI+zBow/NY="
    },
    "clean-css": {
      "version": "3.4.28",
      "resolved": "https://npm.yandex-team.ru/clean-css/-/clean-css-3.4.28.tgz?rbtorrent=9b7f4a9fb79d48cc29b4beb735d3543ffde9aac6",
      "integrity": "sha1-vxlF6C/ICPVWlebd6uwBQA79A/8=",
      "requires": {
        "commander": "2.8.x",
        "source-map": "0.4.x"
      },
      "dependencies": {
        "commander": {
          "version": "2.8.1",
          "resolved": "https://npm.yandex-team.ru/commander/-/commander-2.8.1.tgz?rbtorrent=348b1212f6228d7c542aeea7a4f8bed68d8a3a5f",
          "integrity": "sha1-Br42f+v9oMMwqh4qBy09yXYkJdQ=",
          "requires": {
            "graceful-readlink": ">= 1.0.0"
          }
        }
      }
    },
    "cliui": {
      "version": "2.1.0",
      "resolved": "https://npm.yandex-team.ru/cliui/-/cliui-2.1.0.tgz?rbtorrent=7b06adfa6bee7faa0cd665ad3d40c6dbbac4be4d",
      "integrity": "sha1-S0dXYP+AJkx2LDoXGQMukcf+oNE=",
      "requires": {
        "center-align": "^0.1.1",
        "right-align": "^0.1.1",
        "wordwrap": "0.0.2"
      },
      "dependencies": {
        "wordwrap": {
          "version": "0.0.2",
          "resolved": "https://npm.yandex-team.ru/wordwrap/-/wordwrap-0.0.2.tgz?rbtorrent=591a5b6d6386474bffb2c6db1f76d6ebfe48cb19",
          "integrity": "sha1-t5Zpu0LstAn4PVg8rVLKF+qhZD8="
        }
      }
    },
    "commander": {
      "version": "2.6.0",
      "resolved": "https://npm.yandex-team.ru/commander/-/commander-2.6.0.tgz?rbtorrent=da9648f8a127d2bfd749d7ba1a2f7f5ed88b809a",
      "integrity": "sha1-nfflL7Kgyw+4kFjugMMQQiXzfh0="
    },
    "constantinople": {
      "version": "3.0.2",
      "resolved": "https://npm.yandex-team.ru/constantinople/-/constantinople-3.0.2.tgz?rbtorrent=fa08ae1e6da179cd09fbd4da812c92032c3cbcef",
      "integrity": "sha1-S5RdmTeQe82Y7ldRIsOBdRZUQUE=",
      "requires": {
        "acorn": "^2.1.0"
      }
    },
    "content-disposition": {
      "version": "0.5.2",
      "resolved": "https://npm.yandex-team.ru/content-disposition/-/content-disposition-0.5.2.tgz?rbtorrent=7b12f0eff4d0a07c959d33d6330d4940a3710316",
      "integrity": "sha1-DPaLud318r55YcOoUXjLhdunjLQ="
    },
    "content-type": {
      "version": "1.0.4",
      "resolved": "https://npm.yandex-team.ru/content-type/-/content-type-1.0.4.tgz?rbtorrent=3fa2055972cff7271199121f53be396da4f020eb",
      "integrity": "sha512-hIP3EEPs8tB9AT1L+NUqtwOAps4mk2Zob89MWXMHjHWg9milF/j4osnnQLXBCBFBk/tvIG/tUc9mOUJiPBhPXA=="
    },
    "cookie": {
      "version": "0.4.1",
      "resolved": "https://npm.yandex-team.ru/cookie/-/cookie-0.4.1.tgz?rbtorrent=199246c91501809b908d42345b907e34cd9929d5",
      "integrity": "sha512-ZwrFkGJxUR3EIoXtO+yVE69Eb7KlixbaeAWfBQB9vVsNn/o+Yw69gBWSSDK825hQNdN+wF8zELf3dFNl/kxkUA=="
    },
    "cookie-parser": {
      "version": "1.4.6",
      "resolved": "https://npm.yandex-team.ru/cookie-parser/-/cookie-parser-1.4.6.tgz?rbtorrent=345d356e2c8749a283336cf131955f9d2f1f6323",
      "integrity": "sha512-z3IzaNjdwUC2olLIB5/ITd0/setiaFMLYiZJle7xg5Fe9KWAceil7xszYfHHBtDFYLSgJduS2Ty0P1uJdPDJeA==",
      "requires": {
        "cookie": "0.4.1",
        "cookie-signature": "1.0.6"
      }
    },
    "cookie-signature": {
      "version": "1.0.6",
      "resolved": "https://npm.yandex-team.ru/cookie-signature/-/cookie-signature-1.0.6.tgz?rbtorrent=55c823568c26e12f27877518a27e19fec8779a71",
      "integrity": "sha1-4wOogrNCzD7oylE6eZmXNNqzriw="
    },
    "css": {
      "version": "1.0.8",
      "resolved": "https://npm.yandex-team.ru/css/-/css-1.0.8.tgz?rbtorrent=a9e1754d26c235a001367379c6b2a52da0dc2633",
      "integrity": "sha1-k4aBHKgrzMnuf7WnMrHioxfIo+c=",
      "requires": {
        "css-parse": "1.0.4",
        "css-stringify": "1.0.5"
      }
    },
    "css-parse": {
      "version": "1.0.4",
      "resolved": "https://npm.yandex-team.ru/css-parse/-/css-parse-1.0.4.tgz?rbtorrent=ea647d0b272f5109234d14d665e118182949b6d8",
      "integrity": "sha1-OLBQP7+dqfVOnB29pg4UXHcRe90="
    },
    "css-stringify": {
      "version": "1.0.5",
      "resolved": "https://npm.yandex-team.ru/css-stringify/-/css-stringify-1.0.5.tgz?rbtorrent=7469359039d56439e1559c3b49ea22481a479e31",
      "integrity": "sha1-sNBClG2ylTu50pKQCmy19tASIDE="
    },
    "debug": {
      "version": "2.6.9",
      "resolved": "https://npm.yandex-team.ru/debug/-/debug-2.6.9.tgz?rbtorrent=b02284ec84efd1aee23ff49704863922a0155cb1",
      "integrity": "sha512-bC7ElrdJaJnPbAP+1EotYvqZsb3ecl5wi6Bfi6BJTUcNowp6cvspg0jXznRTKDjm/E7AdgFBVeAPVMNcKGsHMA==",
      "requires": {
        "ms": "2.0.0"
      }
    },
    "decamelize": {
      "version": "1.2.0",
      "resolved": "https://npm.yandex-team.ru/decamelize/-/decamelize-1.2.0.tgz?rbtorrent=4414890a616b790f201e513f668b525afe121d18",
      "integrity": "sha1-9lNNFRSCabIDUue+4m9QH5oZEpA="
    },
    "depd": {
      "version": "1.1.2",
      "resolved": "https://npm.yandex-team.ru/depd/-/depd-1.1.2.tgz?rbtorrent=0a6aefaeb612e3299120efae6cb484897030a751",
      "integrity": "sha1-m81S4UwJd2PnSbJ0xDRu0uVgtak="
    },
    "destroy": {
      "version": "1.0.4",
      "resolved": "https://npm.yandex-team.ru/destroy/-/destroy-1.0.4.tgz?rbtorrent=d2fb0d4181cbc73e52bd4ead7fe32f2eedcf59d6",
      "integrity": "sha1-l4hXRCxEdJ5CBmE+N5RiBYJqvYA="
    },
    "ee-first": {
      "version": "1.1.1",
      "resolved": "https://npm.yandex-team.ru/ee-first/-/ee-first-1.1.1.tgz?rbtorrent=b33e875b5c9b99376469b3d4fc2448b418091933",
      "integrity": "sha1-WQxhFWsK4vTwJVcyoViyZrxWsh0="
    },
    "encodeurl": {
      "version": "1.0.2",
      "resolved": "https://npm.yandex-team.ru/encodeurl/-/encodeurl-1.0.2.tgz?rbtorrent=2ee1d518c4b14b1d485befc7a1100de1702f4015",
      "integrity": "sha1-rT/0yG7C0CkyL1oCw6mmBslbP1k="
    },
    "escape-html": {
      "version": "1.0.3",
      "resolved": "https://npm.yandex-team.ru/escape-html/-/escape-html-1.0.3.tgz?rbtorrent=3eff6d8634dc1ec132c806f38441e2118d1a2964",
      "integrity": "sha1-Aljq5NPQwJdN4cFpGI7wBR0dGYg="
    },
    "etag": {
      "version": "1.8.1",
      "resolved": "https://npm.yandex-team.ru/etag/-/etag-1.8.1.tgz?rbtorrent=2f3ff4ae5ba58604fad50c32ca223b29bd8561a6",
      "integrity": "sha1-Qa4u62XvpiJorr/qg6x9eSmbCIc="
    },
    "express": {
      "version": "4.16.4",
      "resolved": "https://npm.yandex-team.ru/express/-/express-4.16.4.tgz?rbtorrent=0c5811c85950f52e8bcb4835bc9b9cb410a688c5",
      "integrity": "sha512-j12Uuyb4FMrd/qQAm6uCHAkPtO8FDTRJZBDd5D2KOL2eLaz1yUNdUB/NOIyq0iU4q4cFarsUCrnFDPBcnksuOg==",
      "requires": {
        "accepts": "~1.3.5",
        "array-flatten": "1.1.1",
        "body-parser": "1.18.3",
        "content-disposition": "0.5.2",
        "content-type": "~1.0.4",
        "cookie": "0.3.1",
        "cookie-signature": "1.0.6",
        "debug": "2.6.9",
        "depd": "~1.1.2",
        "encodeurl": "~1.0.2",
        "escape-html": "~1.0.3",
        "etag": "~1.8.1",
        "finalhandler": "1.1.1",
        "fresh": "0.5.2",
        "merge-descriptors": "1.0.1",
        "methods": "~1.1.2",
        "on-finished": "~2.3.0",
        "parseurl": "~1.3.2",
        "path-to-regexp": "0.1.7",
        "proxy-addr": "~2.0.4",
        "qs": "6.5.2",
        "range-parser": "~1.2.0",
        "safe-buffer": "5.1.2",
        "send": "0.16.2",
        "serve-static": "1.13.2",
        "setprototypeof": "1.1.0",
        "statuses": "~1.4.0",
        "type-is": "~1.6.16",
        "utils-merge": "1.0.1",
        "vary": "~1.1.2"
      },
      "dependencies": {
        "cookie": {
          "version": "0.3.1",
          "resolved": "https://npm.yandex-team.ru/cookie/-/cookie-0.3.1.tgz?rbtorrent=14257b4131d08bba91d9dbc9fc8bc236a7983af2",
          "integrity": "sha1-5+Ch+e9DtMi6klxcWpboBtFoc7s="
        }
      }
    },
    "finalhandler": {
      "version": "1.1.1",
      "resolved": "https://npm.yandex-team.ru/finalhandler/-/finalhandler-1.1.1.tgz?rbtorrent=f7ca8d548e549dcdef3b47d057f58de93700d4f9",
      "integrity": "sha512-Y1GUDo39ez4aHAw7MysnUD5JzYX+WaIj8I57kO3aEPT1fFRL4sr7mjei97FgnwhAyyzRYmQZaTHb2+9uZ1dPtg==",
      "requires": {
        "debug": "2.6.9",
        "encodeurl": "~1.0.2",
        "escape-html": "~1.0.3",
        "on-finished": "~2.3.0",
        "parseurl": "~1.3.2",
        "statuses": "~1.4.0",
        "unpipe": "~1.0.0"
      }
    },
    "forwarded": {
      "version": "0.2.0",
      "resolved": "https://npm.yandex-team.ru/forwarded/-/forwarded-0.2.0.tgz?rbtorrent=aa99adefc655551b3a910c3330f84e0ba95ab389",
      "integrity": "sha512-buRG0fpBtRHSTCOASe6hD258tEubFoRLb4ZNA6NxMVHNw2gOcwHo9wyablzMzOA5z9xA9L1KNjk/Nt6MT9aYow=="
    },
    "fresh": {
      "version": "0.5.2",
      "resolved": "https://npm.yandex-team.ru/fresh/-/fresh-0.5.2.tgz?rbtorrent=77477f1b23ed690a472992b3218a06a2c06907f6",
      "integrity": "sha1-PYyt2Q2XZWn6g1qx+OSyOhBWBac="
    },
    "graceful-readlink": {
      "version": "1.0.1",
      "resolved": "https://npm.yandex-team.ru/graceful-readlink/-/graceful-readlink-1.0.1.tgz?rbtorrent=0f9d5f059ef6b5871a22a10a5f03502ec906aa2c",
      "integrity": "sha1-TK+tdrxi8C+gObL5Tpo906ORpyU="
    },
    "http-errors": {
      "version": "1.6.3",
      "resolved": "https://npm.yandex-team.ru/http-errors/-/http-errors-1.6.3.tgz?rbtorrent=249f9dd97f44a3d6c265efd341c90c24b809dba5",
      "integrity": "sha1-i1VoC7S+KDoLW/TqLjhYC+HZMg0=",
      "requires": {
        "depd": "~1.1.2",
        "inherits": "2.0.3",
        "setprototypeof": "1.1.0",
        "statuses": ">= 1.4.0 < 2"
      }
    },
    "iconv-lite": {
      "version": "0.4.23",
      "resolved": "https://npm.yandex-team.ru/iconv-lite/-/iconv-lite-0.4.23.tgz?rbtorrent=02cf597247a93cf9dcdc0a0142c168593f0b7fe0",
      "integrity": "sha512-neyTUVFtahjf0mB3dZT77u+8O0QB89jFdnBkd5P1JgYPbPaia3gXXOVL2fq8VyU2gMMD7SaN7QukTB/pmXYvDA==",
      "requires": {
        "safer-buffer": ">= 2.1.2 < 3"
      }
    },
    "inherits": {
      "version": "2.0.3",
      "resolved": "https://npm.yandex-team.ru/inherits/-/inherits-2.0.3.tgz?rbtorrent=e1990ee430bec5f2bce149c7fb6d0b4b0cbb30b5",
      "integrity": "sha1-Yzwsg+PaQqUC9SRmAiSA9CCCYd4="
    },
    "ipaddr.js": {
      "version": "1.9.1",
      "resolved": "https://npm.yandex-team.ru/ipaddr.js/-/ipaddr.js-1.9.1.tgz?rbtorrent=d8bc541cf956f870b225ecf9f62f233f6431d4e4",
      "integrity": "sha512-0KI/607xoxSToH7GjN1FfSbLoU0+btTicjsQSWQlh/hZykN8KpmMf7uYwPW3R+akZ6R/w18ZlXSHBYXiYUPO3g=="
    },
    "is-buffer": {
      "version": "1.1.6",
      "resolved": "https://npm.yandex-team.ru/is-buffer/-/is-buffer-1.1.6.tgz?rbtorrent=65d2089ebcd3cc812e23dd48e431311d046861fa",
      "integrity": "sha512-NcdALwpXkTm5Zvvbk7owOUSvVvBKDgKP5/ewfXEznmQFfs4ZRmanOeKBTjRVjka3QFoN6XJ+9F3USqfHqTaU5w=="
    },
    "is-promise": {
      "version": "2.2.2",
      "resolved": "https://npm.yandex-team.ru/is-promise/-/is-promise-2.2.2.tgz?rbtorrent=696b3d668fb826b5a5942cee8cdae16c8b888c5e",
      "integrity": "sha512-+lP4/6lKUBfQjZ2pdxThZvLUAafmZb8OAxFb8XXtiQmS35INgr85hdOGoEs124ez1FCnZJt6jau/T+alh58QFQ=="
    },
    "jade": {
      "version": "1.11.0",
      "resolved": "https://npm.yandex-team.ru/jade/-/jade-1.11.0.tgz?rbtorrent=5eb2cc8a2305cfb8d4da867499d94415e694a60a",
      "integrity": "sha1-nIDlOMEtP7lcjZu5VZ+gzAQEBf0=",
      "requires": {
        "character-parser": "1.2.1",
        "clean-css": "^3.1.9",
        "commander": "~2.6.0",
        "constantinople": "~3.0.1",
        "jstransformer": "0.0.2",
        "mkdirp": "~0.5.0",
        "transformers": "2.1.0",
        "uglify-js": "^2.4.19",
        "void-elements": "~2.0.1",
        "with": "~4.0.0"
      }
    },
    "jstransformer": {
      "version": "0.0.2",
      "resolved": "https://npm.yandex-team.ru/jstransformer/-/jstransformer-0.0.2.tgz?rbtorrent=83cdaee0e0de868205bfdbec5e5af803b081e240",
      "integrity": "sha1-eq4pqQPRls+glz2IXT5HlH7Ndqs=",
      "requires": {
        "is-promise": "^2.0.0",
        "promise": "^6.0.1"
      }
    },
    "kind-of": {
      "version": "3.2.2",
      "resolved": "https://npm.yandex-team.ru/kind-of/-/kind-of-3.2.2.tgz?rbtorrent=7c9168605f7ce28ecc73a8bd71752097eac5181f",
      "integrity": "sha1-MeohpzS6ubuw8yRm2JOupR5KPGQ=",
      "requires": {
        "is-buffer": "^1.1.5"
      }
    },
    "lazy-cache": {
      "version": "1.0.4",
      "resolved": "https://npm.yandex-team.ru/lazy-cache/-/lazy-cache-1.0.4.tgz?rbtorrent=517483a973d73212c7bb1cfb6a646044e9e536f4",
      "integrity": "sha1-odePw6UEdMuAhF07O24dpJpEbo4="
    },
    "longest": {
      "version": "1.0.1",
      "resolved": "https://npm.yandex-team.ru/longest/-/longest-1.0.1.tgz?rbtorrent=c2fd51034b3ade8398d1ae683256ce0d34913f4b",
      "integrity": "sha1-MKCy2jj3N3DoKUoNIuZiXtd9AJc="
    },
    "media-typer": {
      "version": "0.3.0",
      "resolved": "https://npm.yandex-team.ru/media-typer/-/media-typer-0.3.0.tgz?rbtorrent=9b7ee58e7e88a03f8f10c81220d0de520b216f82",
      "integrity": "sha1-hxDXrwqmJvj/+hzgAWhUUmMlV0g="
    },
    "merge-descriptors": {
      "version": "1.0.1",
      "resolved": "https://npm.yandex-team.ru/merge-descriptors/-/merge-descriptors-1.0.1.tgz?rbtorrent=f663b5e1b0d1627ac9e616f3c5b7dda56f9156a6",
      "integrity": "sha1-sAqqVW3YtEVoFQ7J0blT8/kMu2E="
    },
    "methods": {
      "version": "1.1.2",
      "resolved": "https://npm.yandex-team.ru/methods/-/methods-1.1.2.tgz?rbtorrent=d24a15e2ab3b2bb67bae70d2244d434c93695b3d",
      "integrity": "sha1-VSmk1nZUE07cxSZmVoNbD4Ua/O4="
    },
    "mime": {
      "version": "1.4.1",
      "resolved": "https://npm.yandex-team.ru/mime/-/mime-1.4.1.tgz?rbtorrent=702dea144c4aa7d800723251c01a1685d5ce3ede",
      "integrity": "sha512-KI1+qOZu5DcW6wayYHSzR/tXKCDC5Om4s1z2QJjDULzLcmf3DvzS7oluY4HCTrc+9FiKmWUgeNLg7W3uIQvxtQ=="
    },
    "mime-db": {
      "version": "1.52.0",
      "resolved": "https://npm.yandex-team.ru/mime-db/-/mime-db-1.52.0.tgz?rbtorrent=f0ba116ae2c9608848de6e13c43654e0d7f6480e",
      "integrity": "sha512-sPU4uV7dYlvtWJxwwxHD0PuihVNiE7TyAbQ5SWxDCB9mUYvOgroQOwYQQOKPJ8CIbE+1ETVlOoK1UC2nU3gYvg=="
    },
    "mime-types": {
      "version": "2.1.35",
      "resolved": "https://npm.yandex-team.ru/mime-types/-/mime-types-2.1.35.tgz?rbtorrent=ebb7fcd8ade244558e3f7816c257f2cc22da38ab",
      "integrity": "sha512-ZDY+bPm5zTTF+YpCrAU9nK0UgICYPT0QtT1NZWFv4s++TNkcgVaT0g6+4R2uI4MjQjzysHB1zxuWL50hzaeXiw==",
      "requires": {
        "mime-db": "1.52.0"
      }
    },
    "minimist": {
      "version": "1.2.7",
      "resolved": "https://npm.yandex-team.ru/minimist/-/minimist-1.2.7.tgz?rbtorrent=a04ea2e4f56ba9fc0095defe4898a61de0708564",
      "integrity": "sha512-bzfL1YUZsP41gmu/qjrEk0Q6i2ix/cVeAhbCbqH9u3zYutS1cLg00qhrD0M2MVdCcx4Sc0UpP2eBWo9rotpq6g=="
    },
    "mkdirp": {
      "version": "0.5.6",
      "resolved": "https://npm.yandex-team.ru/mkdirp/-/mkdirp-0.5.6.tgz?rbtorrent=79930ac902be912db6604b783c28aeb764ac5e92",
      "integrity": "sha512-FP+p8RB8OWpF3YZBCrP5gtADmtXApB5AMLn+vdyA+PyxCjrCs00mjyUozssO33cwDeT3wNGdLxJ5M//YqtHAJw==",
      "requires": {
        "minimist": "^1.2.6"
      }
    },
    "morgan": {
      "version": "1.9.1",
      "resolved": "https://npm.yandex-team.ru/morgan/-/morgan-1.9.1.tgz?rbtorrent=312b5c6025db75e25fb2ff17cff9cc1e44c7e059",
      "integrity": "sha512-HQStPIV4y3afTiCYVxirakhlCfGkI161c76kKFca7Fk1JusM//Qeo1ej2XaMniiNeaZklMVrh3vTtIzpzwbpmA==",
      "requires": {
        "basic-auth": "~2.0.0",
        "debug": "2.6.9",
        "depd": "~1.1.2",
        "on-finished": "~2.3.0",
        "on-headers": "~1.0.1"
      }
    },
    "ms": {
      "version": "2.0.0",
      "resolved": "https://npm.yandex-team.ru/ms/-/ms-2.0.0.tgz?rbtorrent=b9c1399c483ed1bf4d9fff8735579b86c77001f8",
      "integrity": "sha1-VgiurfwAvmwpAd9fmGF4jeDVl8g="
    },
    "negotiator": {
      "version": "0.6.3",
      "resolved": "https://npm.yandex-team.ru/negotiator/-/negotiator-0.6.3.tgz?rbtorrent=ae67b4fa1586d4a4cac06daf71713d481bc6c45f",
      "integrity": "sha512-+EUsqGPLsM+j/zdChZjsnX51g4XrHFOIXwfnCVPGlQk/k5giakcKsuxCObBRu6DSm9opw/O6slWbJdghQM4bBg=="
    },
    "on-finished": {
      "version": "2.3.0",
      "resolved": "https://npm.yandex-team.ru/on-finished/-/on-finished-2.3.0.tgz?rbtorrent=57d75759ee2c39e435f5189790dee6e9f6aeb429",
      "integrity": "sha1-IPEzZIGwg811M3mSoWlxqi2QaUc=",
      "requires": {
        "ee-first": "1.1.1"
      }
    },
    "on-headers": {
      "version": "1.0.2",
      "resolved": "https://npm.yandex-team.ru/on-headers/-/on-headers-1.0.2.tgz?rbtorrent=47bb798539cef8fc41d43270a2acd9225ab68fdb",
      "integrity": "sha512-pZAE+FJLoyITytdqK0U5s+FIpjN0JP3OzFi/u8Rx+EV5/W+JTWGXG8xFzevE7AjBfDqHv/8vL8qQsIhHnqRkrA=="
    },
    "optimist": {
      "version": "0.3.7",
      "resolved": "https://npm.yandex-team.ru/optimist/-/optimist-0.3.7.tgz?rbtorrent=8640fc9c0957010c54581cd2dec2895ccf4f4b92",
      "integrity": "sha1-yQlBrVnkJzMokjB00s8ufLxuwNk=",
      "requires": {
        "wordwrap": "~0.0.2"
      }
    },
    "parseurl": {
      "version": "1.3.3",
      "resolved": "https://npm.yandex-team.ru/parseurl/-/parseurl-1.3.3.tgz?rbtorrent=74e53669c6396757fbc109ac7301a45910bbde3b",
      "integrity": "sha512-CiyeOxFT/JZyN5m0z9PfXw4SCBJ6Sygz1Dpl0wqjlhDEGGBP1GnsUVEL0p63hoG1fcj3fHynXi9NYO4nWOL+qQ=="
    },
    "path-to-regexp": {
      "version": "0.1.7",
      "resolved": "https://npm.yandex-team.ru/path-to-regexp/-/path-to-regexp-0.1.7.tgz?rbtorrent=6c268849b3cab559f2728004e075dee4b386472b",
      "integrity": "sha1-32BBeABfUi8V60SQ5yR6G/qmf4w="
    },
    "promise": {
      "version": "6.1.0",
      "resolved": "https://npm.yandex-team.ru/promise/-/promise-6.1.0.tgz?rbtorrent=ccb7600acece7892d8e836f2870496315bb8a4ef",
      "integrity": "sha1-LOcp9rlLRcJoka0GAsXJDgTG7vY=",
      "requires": {
        "asap": "~1.0.0"
      }
    },
    "proxy-addr": {
      "version": "2.0.7",
      "resolved": "https://npm.yandex-team.ru/proxy-addr/-/proxy-addr-2.0.7.tgz?rbtorrent=6c64bc6ff1aff5df16de0f1fbfdb7018fd308903",
      "integrity": "sha512-llQsMLSUDUPT44jdrU/O37qlnifitDP+ZwrmmZcoSKyLKvtZxpyV0n2/bD/N4tBAAZ/gJEdZU7KMraoK1+XYAg==",
      "requires": {
        "forwarded": "0.2.0",
        "ipaddr.js": "1.9.1"
      }
    },
    "qs": {
      "version": "6.5.2",
      "resolved": "https://npm.yandex-team.ru/qs/-/qs-6.5.2.tgz?rbtorrent=708abc52b4aa2f1630018b445df24199875bb9c0",
      "integrity": "sha512-N5ZAX4/LxJmF+7wN74pUD6qAh9/wnvdQcjq9TZjevvXzSUo7bfmw91saqMjzGS2xq91/odN2dW/WOl7qQHNDGA=="
    },
    "range-parser": {
      "version": "1.2.1",
      "resolved": "https://npm.yandex-team.ru/range-parser/-/range-parser-1.2.1.tgz?rbtorrent=ff745a9bc988d28205171cc44081bb83f3efdbfc",
      "integrity": "sha512-Hrgsx+orqoygnmhFbKaHE6c296J+HTAQXoxEF6gNupROmmGJRoyzfG3ccAveqCBrwr/2yxQ5BVd/GTl5agOwSg=="
    },
    "raw-body": {
      "version": "2.3.3",
      "resolved": "https://npm.yandex-team.ru/raw-body/-/raw-body-2.3.3.tgz?rbtorrent=c79258ee7784a3dd89b1b7a07202dce2e480a52f",
      "integrity": "sha512-9esiElv1BrZoI3rCDuOuKCBRbuApGGaDPQfjSflGxdy4oyzqghxu6klEkkVIvBje+FF0BX9coEv8KqW6X/7njw==",
      "requires": {
        "bytes": "3.0.0",
        "http-errors": "1.6.3",
        "iconv-lite": "0.4.23",
        "unpipe": "1.0.0"
      }
    },
    "repeat-string": {
      "version": "1.6.1",
      "resolved": "https://npm.yandex-team.ru/repeat-string/-/repeat-string-1.6.1.tgz?rbtorrent=891c68ffb57d010208222baabe570e54c5f25f24",
      "integrity": "sha1-jcrkcOHIirwtYA//Sndihtp15jc="
    },
    "right-align": {
      "version": "0.1.3",
      "resolved": "https://npm.yandex-team.ru/right-align/-/right-align-0.1.3.tgz?rbtorrent=2291e24c11ff774d53cd7ec3b74da5294520cb58",
      "integrity": "sha1-YTObci/mo1FWiSENJOFMlhSGE+8=",
      "requires": {
        "align-text": "^0.1.1"
      }
    },
    "safe-buffer": {
      "version": "5.1.2",
      "resolved": "https://npm.yandex-team.ru/safe-buffer/-/safe-buffer-5.1.2.tgz?rbtorrent=919e175e4a456facb2f9db2e63065c31db36ac10",
      "integrity": "sha512-Gd2UZBJDkXlY7GbJxfsE8/nvKkUEU1G38c1siN6QP6a9PT9MmHB8GnpscSmMJSoF8LOIrt8ud/wPtojys4G6+g=="
    },
    "safer-buffer": {
      "version": "2.1.2",
      "resolved": "https://npm.yandex-team.ru/safer-buffer/-/safer-buffer-2.1.2.tgz?rbtorrent=8450e1c808c8ca9ac90ac8d77f2637cca2522d93",
      "integrity": "sha512-YZo3K82SD7Riyi0E1EQPojLz7kpepnSQI9IyPbHHg1XXXevb5dJI7tpyN2ADxGcQbHG7vcyRHk0cbwqcQriUtg=="
    },
    "send": {
      "version": "0.16.2",
      "resolved": "https://npm.yandex-team.ru/send/-/send-0.16.2.tgz?rbtorrent=c391dfa5a08635450be06c48206bb3f135324f8f",
      "integrity": "sha512-E64YFPUssFHEFBvpbbjr44NCLtI1AohxQ8ZSiJjQLskAdKuriYEP6VyGEsRDH8ScozGpkaX1BGvhanqCwkcEZw==",
      "requires": {
        "debug": "2.6.9",
        "depd": "~1.1.2",
        "destroy": "~1.0.4",
        "encodeurl": "~1.0.2",
        "escape-html": "~1.0.3",
        "etag": "~1.8.1",
        "fresh": "0.5.2",
        "http-errors": "~1.6.2",
        "mime": "1.4.1",
        "ms": "2.0.0",
        "on-finished": "~2.3.0",
        "range-parser": "~1.2.0",
        "statuses": "~1.4.0"
      }
    },
    "serve-static": {
      "version": "1.13.2",
      "resolved": "https://npm.yandex-team.ru/serve-static/-/serve-static-1.13.2.tgz?rbtorrent=d33d85a42a2b8b70ec074cfaa1f7295b69dbc6e7",
      "integrity": "sha512-p/tdJrO4U387R9oMjb1oj7qSMaMfmOyd4j9hOFoxZe2baQszgHcSWjuya/CiT5kgZZKRudHNOA0pYXOl8rQ5nw==",
      "requires": {
        "encodeurl": "~1.0.2",
        "escape-html": "~1.0.3",
        "parseurl": "~1.3.2",
        "send": "0.16.2"
      }
    },
    "setprototypeof": {
      "version": "1.1.0",
      "resolved": "https://npm.yandex-team.ru/setprototypeof/-/setprototypeof-1.1.0.tgz?rbtorrent=dbd4ae93af6ced9df840d7f68b6bf5b1f22d2769",
      "integrity": "sha512-BvE/TwpZX4FXExxOxZyRGQQv651MSwmWKZGqvmPcRIjDqWub67kTKuIMx43cZZrS/cBBzwBcNDWoFxt2XEFIpQ=="
    },
    "source-map": {
      "version": "0.4.4",
      "resolved": "https://npm.yandex-team.ru/source-map/-/source-map-0.4.4.tgz?rbtorrent=1a1990c2918928836409041887af8c722082732e",
      "integrity": "sha1-66T12pwNyZneaAMti092FzZSA2s=",
      "requires": {
        "amdefine": ">=0.0.4"
      }
    },
    "statuses": {
      "version": "1.4.0",
      "resolved": "https://npm.yandex-team.ru/statuses/-/statuses-1.4.0.tgz?rbtorrent=d4d344ab90086c4395d2240fb11bbc271a52c4f5",
      "integrity": "sha512-zhSCtt8v2NDrRlPQpCNtw/heZLtfUDqxBM1udqikb/Hbk52LK4nQSwr10u77iopCW5LsyHpuXS0GnEc48mLeew=="
    },
    "transformers": {
      "version": "2.1.0",
      "resolved": "https://npm.yandex-team.ru/transformers/-/transformers-2.1.0.tgz?rbtorrent=3c9a007033f60a770b24875b4011ef6def2d245f",
      "integrity": "sha1-XSPLNVYd2F3Gf7hIIwm0fVPM6ac=",
      "requires": {
        "css": "~1.0.8",
        "promise": "~2.0",
        "uglify-js": "~2.2.5"
      },
      "dependencies": {
        "is-promise": {
          "version": "1.0.1",
          "resolved": "https://npm.yandex-team.ru/is-promise/-/is-promise-1.0.1.tgz?rbtorrent=a28cfe290e43d6b6aded67661dcc4495e4b20b71",
          "integrity": "sha1-MVc3YcBX4zwukaq56W2gjO++duU="
        },
        "promise": {
          "version": "2.0.0",
          "resolved": "https://npm.yandex-team.ru/promise/-/promise-2.0.0.tgz?rbtorrent=338c5b656778b6d21f48759147c815875fe489ba",
          "integrity": "sha1-RmSKqdYFr10ucMMCS/WUNtoCuA4=",
          "requires": {
            "is-promise": "~1"
          }
        },
        "source-map": {
          "version": "0.1.43",
          "resolved": "https://npm.yandex-team.ru/source-map/-/source-map-0.1.43.tgz?rbtorrent=d7865a8dfc48f7226b0071359b796d06f2e6be83",
          "integrity": "sha1-wkvBRspRfBRx9drL4lcbK3+eM0Y=",
          "requires": {
            "amdefine": ">=0.0.4"
          }
        },
        "uglify-js": {
          "version": "2.2.5",
          "resolved": "https://npm.yandex-team.ru/uglify-js/-/uglify-js-2.2.5.tgz?rbtorrent=d79cd6aa4b229a02e11e8abdae57533834b66fb1",
          "integrity": "sha1-puAqcNg5eSuXgEiLe4sYTAlcmcc=",
          "requires": {
            "optimist": "~0.3.5",
            "source-map": "~0.1.7"
          }
        }
      }
    },
    "type-is": {
      "version": "1.6.18",
      "resolved": "https://npm.yandex-team.ru/type-is/-/type-is-1.6.18.tgz?rbtorrent=38f82e5ad1ec85b7be95c74b669214119903c229",
      "integrity": "sha512-TkRKr9sUTxEH8MdfuCSP7VizJyzRNMjj2J2do2Jr3Kym598JVdEksuzPQCnlFPW4ky9Q+iA+ma9BGm06XQBy8g==",
      "requires": {
        "media-typer": "0.3.0",
        "mime-types": "~2.1.24"
      }
    },
    "uglify-js": {
      "version": "2.8.29",
      "resolved": "https://npm.yandex-team.ru/uglify-js/-/uglify-js-2.8.29.tgz?rbtorrent=4558b26c74cf41cf61ad87295b0ae493b1f96aff",
      "integrity": "sha1-KcVzMUgFe7Th913zW3qcty5qWd0=",
      "requires": {
        "source-map": "~0.5.1",
        "uglify-to-browserify": "~1.0.0",
        "yargs": "~3.10.0"
      },
      "dependencies": {
        "source-map": {
          "version": "0.5.7",
          "resolved": "https://npm.yandex-team.ru/source-map/-/source-map-0.5.7.tgz?rbtorrent=915f20cde755864e741a09c2549a717f22b60134",
          "integrity": "sha1-igOdLRAh0i0eoUyA2OpGi6LvP8w="
        }
      }
    },
    "uglify-to-browserify": {
      "version": "1.0.2",
      "resolved": "https://npm.yandex-team.ru/uglify-to-browserify/-/uglify-to-browserify-1.0.2.tgz?rbtorrent=18c9f01a05fedfbc570bc5e602cb4bce89cd335a",
      "integrity": "sha1-bgkk1r2mta/jSeOabWMoUKD4grc=",
      "optional": true
    },
    "unpipe": {
      "version": "1.0.0",
      "resolved": "https://npm.yandex-team.ru/unpipe/-/unpipe-1.0.0.tgz?rbtorrent=db35d7e949011b32e4923cd85a989fa998b0c852",
      "integrity": "sha1-sr9O6FFKrmFltIF4KdIbLvSZBOw="
    },
    "utils-merge": {
      "version": "1.0.1",
      "resolved": "https://npm.yandex-team.ru/utils-merge/-/utils-merge-1.0.1.tgz?rbtorrent=faf6dd3c1b1134732f4eefafe0ef8dae1593efcf",
      "integrity": "sha1-n5VxD1CiZ5R7LMwSR0HBAoQn5xM="
    },
    "vary": {
      "version": "1.1.2",
      "resolved": "https://npm.yandex-team.ru/vary/-/vary-1.1.2.tgz?rbtorrent=5dbad8130c2f93496058551a924516e73c1155d4",
      "integrity": "sha1-IpnwLG3tMNSllhsLn3RSShj2NPw="
    },
    "void-elements": {
      "version": "2.0.1",
      "resolved": "https://npm.yandex-team.ru/void-elements/-/void-elements-2.0.1.tgz?rbtorrent=5bc632550a15c10bf147019054718151abf72822",
      "integrity": "sha1-wGavtYK7HLQSjWDqkjkulNXp2+w="
    },
    "window-size": {
      "version": "0.1.0",
      "resolved": "https://npm.yandex-team.ru/window-size/-/window-size-0.1.0.tgz?rbtorrent=cf302427c2f151b6ac724d07322d26a9958a4cc1",
      "integrity": "sha1-VDjNLqk7IC76Ohn+iIeu58lPnJ0="
    },
    "with": {
      "version": "4.0.3",
      "resolved": "https://npm.yandex-team.ru/with/-/with-4.0.3.tgz?rbtorrent=e1f4a13e94d9cb333e63f1214f088d2940e12bdb",
      "integrity": "sha1-7v0VTp550sjTQXtkeo8U2f7M4U4=",
      "requires": {
        "acorn": "^1.0.1",
        "acorn-globals": "^1.0.3"
      },
      "dependencies": {
        "acorn": {
          "version": "1.2.2",
          "resolved": "https://npm.yandex-team.ru/acorn/-/acorn-1.2.2.tgz?rbtorrent=1271f6002f8c01c2e4f91077357f73aa3feed18a",
          "integrity": "sha1-yM4n3grMdtiW0rH6099YjZ6C8BQ="
        }
      }
    },
    "wordwrap": {
      "version": "0.0.3",
      "resolved": "https://npm.yandex-team.ru/wordwrap/-/wordwrap-0.0.3.tgz?rbtorrent=92b0f43b9f0b2c486c8931c0a73105a52070ead6",
      "integrity": "sha1-o9XabNXAvAAI03I0u68b7WMFkQc="
    },
    "yargs": {
      "version": "3.10.0",
      "resolved": "https://npm.yandex-team.ru/yargs/-/yargs-3.10.0.tgz?rbtorrent=7059a067a51f10f5186bdc65c3aff1a3aa2d9118",
      "integrity": "sha1-9+572FfdfB0tOMDnTvvWgdFDH9E=",
      "requires": {
        "camelcase": "^1.0.2",
        "cliui": "^2.1.0",
        "decamelize": "^1.0.0",
        "window-size": "0.1.0"
      }
    }
  }
}
